{
  "version": 4,
  "terraform_version": "1.13.1",
  "serial": 40,
  "lineage": "7e7dd524-b486-fe0c-00a3-e91fec6d2373",
  "outputs": {
    "agent_gateway_id": {
      "value": "projects/dev-74th-20260912/locations/us-central1/agentGateways/byoc20260912-egress",
      "type": "string"
    },
    "artifact_registry_repository": {
      "value": "byoc20260912-images",
      "type": "string"
    },
    "gateway_runtime_effective_identity": {
      "value": "agents.global.proj-854555400134.system.id.goog/resources/aiplatform/projects/854555400134/locations/us-central1/reasoningEngines/246973951098486784",
      "type": "string"
    },
    "gateway_runtime_name": {
      "value": "projects/854555400134/locations/us-central1/reasoningEngines/246973951098486784",
      "type": "string"
    },
    "github_registry_endpoint_id": {
      "value": "agentregistry-00000000-0000-0000-135a-607f8a89b774",
      "type": "string"
    },
    "no_gateway_runtime_name": {
      "value": "projects/854555400134/locations/us-central1/reasoningEngines/8002172509430480896",
      "type": "string"
    },
    "query_job_bucket": {
      "value": "dev-74th-20260912-byoc-queryjobs",
      "type": "string"
    }
  },
  "resources": [
    {
      "mode": "data",
      "type": "google_agent_registry_endpoint",
      "name": "github",
      "provider": "provider[\"registry.terraform.io/hashicorp/google-nightly\"]",
      "instances": [
        {
          "schema_version": 0,
          "attributes": {
            "attributes": {
              "agentregistry.googleapis.com/system/RuntimeReference": "{\"uri\":\"//agentregistry.googleapis.com/projects/854555400134/locations/us-central1/services/byoc20260912-github-allow\"}"
            },
            "create_time": "2026-09-12T04:33:21.174643Z",
            "description": "",
            "display_name": "20260912 repro GitHub allow endpoint",
            "endpoint_id": "agentregistry-00000000-0000-0000-135a-607f8a89b774",
            "filter": "displayName=\"20260912 repro GitHub allow endpoint\"",
            "id": "projects/dev-74th-20260912/locations/us-central1/endpoints/agentregistry-00000000-0000-0000-135a-607f8a89b774",
            "interfaces": [
              {
                "protocol_binding": "HTTP_JSON",
                "url": "https://github.com"
              }
            ],
            "location": "us-central1",
            "project": "dev-74th-20260912",
            "update_time": "2026-09-12T04:33:21.174643Z",
            "urn": "urn:endpoint:projects-854555400134:projects:854555400134:locations:us-central1:agentregistry:services:byoc20260912-github-allow"
          },
          "sensitive_attributes": [],
          "identity_schema_version": 0
        }
      ]
    },
    {
      "mode": "data",
      "type": "google_project",
      "name": "current",
      "provider": "provider[\"registry.terraform.io/hashicorp/google\"]",
      "instances": [
        {
          "schema_version": 0,
          "attributes": {
            "auto_create_network": null,
            "billing_account": "001EE2-267952-20C5EB",
            "deletion_policy": "PREVENT",
            "effective_labels": {},
            "folder_id": null,
            "id": "projects/dev-74th-20260912",
            "labels": {},
            "name": "dev-74th-20260912",
            "number": "854555400134",
            "org_id": null,
            "project_id": "dev-74th-20260912",
            "tags": null,
            "terraform_labels": {}
          },
          "sensitive_attributes": [],
          "identity_schema_version": 0
        }
      ]
    },
    {
      "mode": "managed",
      "type": "google_agent_registry_service",
      "name": "github",
      "provider": "provider[\"registry.terraform.io/hashicorp/google-nightly\"]",
      "instances": [
        {
          "schema_version": 0,
          "attributes": {
            "agent_spec": [],
            "create_time": "2026-09-12T04:33:20.968075658Z",
            "description": "",
            "display_name": "20260912 repro GitHub allow endpoint",
            "endpoint_spec": [
              {
                "type": "NO_SPEC"
              }
            ],
            "id": "projects/dev-74th-20260912/locations/us-central1/services/byoc20260912-github-allow",
            "interfaces": [
              {
                "protocol_binding": "HTTP_JSON",
                "url": "https://github.com"
              }
            ],
            "location": "us-central1",
            "mcp_server_spec": [],
            "project": "dev-74th-20260912",
            "service_id": "byoc20260912-github-allow",
            "timeouts": null,
            "update_time": "2026-09-12T04:33:21.217564147Z"
          },
          "sensitive_attributes": [],
          "identity_schema_version": 1,
          "identity": {
            "location": "us-central1",
            "project": "dev-74th-20260912",
            "service_id": "byoc20260912-github-allow"
          },
          "private": "eyJlMmJmYjczMC1lY2FhLTExZTYtOGY4OC0zNDM2M2JjN2M0YzAiOnsiY3JlYXRlIjoxMjAwMDAwMDAwMDAwLCJkZWxldGUiOjEyMDAwMDAwMDAwMDAsInVwZGF0ZSI6MTIwMDAwMDAwMDAwMH19"
        }
      ]
    },
    {
      "mode": "managed",
      "type": "google_artifact_registry_repository",
      "name": "agent_images",
      "provider": "provider[\"registry.terraform.io/hashicorp/google\"]",
      "instances": [
        {
          "schema_version": 0,
          "attributes": {
            "cleanup_policies": [],
            "cleanup_policy_dry_run": false,
            "create_time": "2026-09-12T04:33:53.799560Z",
            "deletion_policy": "DELETE",
            "description": "20260912 BYOC image: Agent Gateway + long-running query repro.",
            "docker_config": [],
            "effective_labels": {
              "goog-terraform-provisioned": "true",
              "managed_by": "terraform",
              "project": "20260912-agent-gateway-with-byoc-long-running-query",
              "validation": "byoc20260912-agent-gateway-with-byoc-long-running-query"
            },
            "format": "DOCKER",
            "id": "projects/dev-74th-20260912/locations/us-central1/repositories/byoc20260912-images",
            "kms_key_name": "",
            "labels": {
              "managed_by": "terraform",
              "project": "20260912-agent-gateway-with-byoc-long-running-query",
              "validation": "byoc20260912-agent-gateway-with-byoc-long-running-query"
            },
            "location": "us-central1",
            "maven_config": [],
            "mode": "STANDARD_REPOSITORY",
            "name": "byoc20260912-images",
            "project": "dev-74th-20260912",
            "registry_uri": "us-central1-docker.pkg.dev/dev-74th-20260912/byoc20260912-images",
            "remote_repository_config": [],
            "repository_id": "byoc20260912-images",
            "terraform_labels": {
              "goog-terraform-provisioned": "true",
              "managed_by": "terraform",
              "project": "20260912-agent-gateway-with-byoc-long-running-query",
              "validation": "byoc20260912-agent-gateway-with-byoc-long-running-query"
            },
            "timeouts": null,
            "update_time": "2026-09-12T04:42:23.558754Z",
            "virtual_repository_config": [],
            "vulnerability_scanning_config": [
              {
                "enablement_config": "",
                "enablement_state": "SCANNING_DISABLED",
                "enablement_state_reason": "API containerscanning.googleapis.com is not enabled."
              }
            ]
          },
          "sensitive_attributes": [],
          "identity_schema_version": 1,
          "identity": {
            "location": "us-central1",
            "project": "dev-74th-20260912",
            "repository_id": "byoc20260912-images"
          },
          "private": "eyJlMmJmYjczMC1lY2FhLTExZTYtOGY4OC0zNDM2M2JjN2M0YzAiOnsiY3JlYXRlIjoxMjAwMDAwMDAwMDAwLCJkZWxldGUiOjEyMDAwMDAwMDAwMDAsInVwZGF0ZSI6MTIwMDAwMDAwMDAwMH19",
          "dependencies": [
            "google_project_service.required"
          ]
        }
      ]
    },
    {
      "mode": "managed",
      "type": "google_artifact_registry_repository_iam_member",
      "name": "agent_runtime_reader",
      "provider": "provider[\"registry.terraform.io/hashicorp/google\"]",
      "instances": [
        {
          "schema_version": 0,
          "attributes": {
            "condition": [],
            "etag": "BwZbQfYfHLI=",
            "id": "projects/dev-74th-20260912/locations/us-central1/repositories/byoc20260912-images/roles/artifactregistry.reader/serviceAccount:service-854555400134@gcp-sa-aiplatform-re.iam.gserviceaccount.com",
            "location": "us-central1",
            "member": "serviceAccount:service-854555400134@gcp-sa-aiplatform-re.iam.gserviceaccount.com",
            "project": "dev-74th-20260912",
            "repository": "projects/dev-74th-20260912/locations/us-central1/repositories/byoc20260912-images",
            "role": "roles/artifactregistry.reader"
          },
          "sensitive_attributes": [],
          "identity_schema_version": 1,
          "identity": {
            "condition_title": null,
            "location": "us-central1",
            "member": "serviceAccount:service-854555400134@gcp-sa-aiplatform-re.iam.gserviceaccount.com",
            "project": "dev-74th-20260912",
            "repository": "projects/dev-74th-20260912/locations/us-central1/repositories/byoc20260912-images",
            "role": "roles/artifactregistry.reader"
          },
          "private": "eyJzY2hlbWFfdmVyc2lvbiI6IjAifQ==",
          "dependencies": [
            "data.google_project.current",
            "google_artifact_registry_repository.agent_images",
            "google_project_service.required"
          ]
        }
      ]
    },
    {
      "mode": "managed",
      "type": "google_compute_network",
      "name": "agent_gateway",
      "provider": "provider[\"registry.terraform.io/hashicorp/google\"]",
      "instances": [
        {
          "schema_version": 0,
          "attributes": {
            "auto_create_subnetworks": false,
            "bgp_always_compare_med": false,
            "bgp_best_path_selection_mode": "LEGACY",
            "bgp_inter_region_cost": "",
            "delete_bgp_always_compare_med": false,
            "delete_default_routes_on_create": false,
            "deletion_policy": "DELETE",
            "description": "",
            "enable_ula_internal_ipv6": false,
            "gateway_ipv4": "",
            "id": "projects/dev-74th-20260912/global/networks/byoc20260912-agent-gateway-vpc",
            "internal_ipv6_range": "",
            "mtu": 0,
            "name": "byoc20260912-agent-gateway-vpc",
            "network_firewall_policy_enforcement_order": "AFTER_CLASSIC_FIREWALL",
            "network_id": "740963225440971003",
            "network_profile": "",
            "numeric_id": "740963225440971003",
            "params": [],
            "project": "dev-74th-20260912",
            "routing_mode": "REGIONAL",
            "self_link": "https://www.googleapis.com/compute/v1/projects/dev-74th-20260912/global/networks/byoc20260912-agent-gateway-vpc",
            "timeouts": null
          },
          "sensitive_attributes": [],
          "identity_schema_version": 1,
          "identity": {
            "name": "byoc20260912-agent-gateway-vpc",
            "project": "dev-74th-20260912"
          },
          "private": "eyJlMmJmYjczMC1lY2FhLTExZTYtOGY4OC0zNDM2M2JjN2M0YzAiOnsiY3JlYXRlIjoxMjAwMDAwMDAwMDAwLCJkZWxldGUiOjEyMDAwMDAwMDAwMDAsInVwZGF0ZSI6MTIwMDAwMDAwMDAwMH19",
          "dependencies": [
            "google_project_service.required"
          ]
        }
      ]
    },
    {
      "mode": "managed",
      "type": "google_compute_network_attachment",
      "name": "agent_gateway",
      "provider": "provider[\"registry.terraform.io/hashicorp/google\"]",
      "instances": [
        {
          "schema_version": 0,
          "attributes": {
            "connection_endpoints": [
              {
                "ip_address": "10.244.0.2",
                "project_id_or_num": "819111046046",
                "secondary_ip_cidr_ranges": "",
                "status": "ACCEPTED",
                "subnetwork": "https://www.googleapis.com/compute/v1/projects/dev-74th-20260912/regions/us-central1/subnetworks/byoc20260912-agent-gateway-subnet"
              }
            ],
            "connection_preference": "ACCEPT_AUTOMATIC",
            "creation_timestamp": "2026-09-11T21:34:02.893-07:00",
            "deletion_policy": "DELETE",
            "description": "Dedicated PSC interface attachment for the 20260912 repro Agent Gateway.",
            "fingerprint": "kh8oBLSUv3Y=",
            "id": "projects/dev-74th-20260912/regions/us-central1/networkAttachments/byoc20260912-agent-gateway-attachment",
            "kind": "compute#networkAttachment",
            "name": "byoc20260912-agent-gateway-attachment",
            "network": "https://www.googleapis.com/compute/v1/projects/dev-74th-20260912/global/networks/byoc20260912-agent-gateway-vpc",
            "producer_accept_lists": [],
            "producer_reject_lists": [],
            "project": "dev-74th-20260912",
            "region": "https://www.googleapis.com/compute/v1/projects/dev-74th-20260912/regions/us-central1",
            "self_link": "https://www.googleapis.com/compute/v1/projects/dev-74th-20260912/regions/us-central1/networkAttachments/byoc20260912-agent-gateway-attachment",
            "self_link_with_id": "",
            "subnetworks": [
              "https://www.googleapis.com/compute/v1/projects/dev-74th-20260912/regions/us-central1/subnetworks/byoc20260912-agent-gateway-subnet"
            ],
            "timeouts": null
          },
          "sensitive_attributes": [],
          "identity_schema_version": 0,
          "private": "eyJlMmJmYjczMC1lY2FhLTExZTYtOGY4OC0zNDM2M2JjN2M0YzAiOnsiY3JlYXRlIjoxMjAwMDAwMDAwMDAwLCJkZWxldGUiOjEyMDAwMDAwMDAwMDAsInVwZGF0ZSI6MTIwMDAwMDAwMDAwMH19",
          "dependencies": [
            "google_compute_network.agent_gateway",
            "google_compute_subnetwork.agent_gateway",
            "google_project_service.required"
          ]
        }
      ]
    },
    {
      "mode": "managed",
      "type": "google_compute_subnetwork",
      "name": "agent_gateway",
      "provider": "provider[\"registry.terraform.io/hashicorp/google\"]",
      "instances": [
        {
          "schema_version": 0,
          "attributes": {
            "allow_subnet_cidr_routes_overlap": false,
            "creation_timestamp": "2026-09-11T21:33:48.278-07:00",
            "deletion_policy": "DELETE",
            "description": "",
            "external_ipv6_prefix": "",
            "fingerprint": null,
            "gateway_address": "10.244.0.1",
            "id": "projects/dev-74th-20260912/regions/us-central1/subnetworks/byoc20260912-agent-gateway-subnet",
            "internal_ipv6_prefix": "",
            "ip_cidr_range": "10.244.0.0/28",
            "ip_collection": "",
            "ipv6_access_type": "",
            "ipv6_cidr_range": "",
            "ipv6_gce_endpoint": "",
            "log_config": [],
            "name": "byoc20260912-agent-gateway-subnet",
            "network": "https://www.googleapis.com/compute/v1/projects/dev-74th-20260912/global/networks/byoc20260912-agent-gateway-vpc",
            "params": [],
            "private_ip_google_access": false,
            "private_ipv6_google_access": "DISABLE_GOOGLE_ACCESS",
            "project": "dev-74th-20260912",
            "purpose": "PRIVATE",
            "region": "us-central1",
            "reserved_internal_range": "",
            "resolve_subnet_mask": "",
            "role": "",
            "secondary_ip_range": [],
            "self_link": "https://www.googleapis.com/compute/v1/projects/dev-74th-20260912/regions/us-central1/subnetworks/byoc20260912-agent-gateway-subnet",
            "send_secondary_ip_range_if_empty": null,
            "stack_type": "IPV4_ONLY",
            "state": "",
            "subnetwork_id": 4805290111925840067,
            "timeouts": null
          },
          "sensitive_attributes": [],
          "identity_schema_version": 1,
          "identity": {
            "name": "byoc20260912-agent-gateway-subnet",
            "project": "dev-74th-20260912",
            "region": "us-central1"
          },
          "private": "eyJlMmJmYjczMC1lY2FhLTExZTYtOGY4OC0zNDM2M2JjN2M0YzAiOnsiY3JlYXRlIjoxMjAwMDAwMDAwMDAwLCJkZWxldGUiOjEyMDAwMDAwMDAwMDAsInVwZGF0ZSI6MTIwMDAwMDAwMDAwMH19",
          "dependencies": [
            "google_compute_network.agent_gateway",
            "google_project_service.required"
          ]
        }
      ]
    },
    {
      "mode": "managed",
      "type": "google_iap_agent_registry_endpoint_iam_member",
      "name": "github_gateway_runtime",
      "provider": "provider[\"registry.terraform.io/hashicorp/google-nightly\"]",
      "instances": [
        {
          "schema_version": 0,
          "attributes": {
            "condition": [],
            "endpoint_id": "projects/dev-74th-20260912/locations/us-central1/iap_web/agentRegistry/endpoints/agentregistry-00000000-0000-0000-135a-607f8a89b774",
            "etag": "BwZbQg9+0Xs=",
            "id": "projects/dev-74th-20260912/locations/us-central1/iap_web/agentRegistry/endpoints/agentregistry-00000000-0000-0000-135a-607f8a89b774/roles/iap.egressor/principal://agents.global.proj-854555400134.system.id.goog/resources/aiplatform/projects/854555400134/locations/us-central1/reasoningEngines/246973951098486784",
            "location": "us-central1",
            "member": "principal://agents.global.proj-854555400134.system.id.goog/resources/aiplatform/projects/854555400134/locations/us-central1/reasoningEngines/246973951098486784",
            "project": "dev-74th-20260912",
            "role": "roles/iap.egressor"
          },
          "sensitive_attributes": [],
          "identity_schema_version": 0,
          "private": "bnVsbA==",
          "dependencies": [
            "data.google_agent_registry_endpoint.github",
            "data.google_project.current",
            "google_agent_registry_service.github",
            "google_compute_network.agent_gateway",
            "google_compute_network_attachment.agent_gateway",
            "google_compute_subnetwork.agent_gateway",
            "google_network_services_agent_gateway.repro",
            "google_project_service.required",
            "google_vertex_ai_reasoning_engine.gateway"
          ]
        }
      ]
    },
    {
      "mode": "managed",
      "type": "google_network_security_authz_policy",
      "name": "iap",
      "provider": "provider[\"registry.terraform.io/hashicorp/google-nightly\"]",
      "instances": [
        {
          "schema_version": 0,
          "attributes": {
            "action": "CUSTOM",
            "create_time": "2026-09-12T04:37:52.250079203Z",
            "custom_provider": [
              {
                "authz_extension": [
                  {
                    "resources": [
                      "projects/854555400134/locations/us-central1/authzExtensions/byoc20260912-egress-iap-authz"
                    ]
                  }
                ],
                "cloud_iap": []
              }
            ],
            "description": "",
            "effective_labels": {
              "goog-terraform-provisioned": "true"
            },
            "http_rules": [],
            "id": "projects/dev-74th-20260912/locations/us-central1/authzPolicies/byoc20260912-egress-iap-policy",
            "labels": {},
            "location": "us-central1",
            "name": "byoc20260912-egress-iap-policy",
            "policy_profile": "REQUEST_AUTHZ",
            "project": "dev-74th-20260912",
            "target": [
              {
                "load_balancing_scheme": "",
                "resources": [
                  "projects/854555400134/locations/us-central1/agentGateways/byoc20260912-egress"
                ]
              }
            ],
            "terraform_labels": {
              "goog-terraform-provisioned": "true"
            },
            "timeouts": null,
            "update_time": "2026-09-12T04:39:53.242402580Z"
          },
          "sensitive_attributes": [],
          "identity_schema_version": 1,
          "identity": {
            "location": "us-central1",
            "name": "byoc20260912-egress-iap-policy",
            "project": "dev-74th-20260912"
          },
          "private": "eyJlMmJmYjczMC1lY2FhLTExZTYtOGY4OC0zNDM2M2JjN2M0YzAiOnsiY3JlYXRlIjoxODAwMDAwMDAwMDAwLCJkZWxldGUiOjE4MDAwMDAwMDAwMDAsInVwZGF0ZSI6MTgwMDAwMDAwMDAwMH19",
          "dependencies": [
            "google_compute_network.agent_gateway",
            "google_compute_network_attachment.agent_gateway",
            "google_compute_subnetwork.agent_gateway",
            "google_network_services_agent_gateway.repro",
            "google_network_services_authz_extension.iap",
            "google_project_service.required"
          ]
        }
      ]
    },
    {
      "mode": "managed",
      "type": "google_network_services_agent_gateway",
      "name": "repro",
      "provider": "provider[\"registry.terraform.io/hashicorp/google-nightly\"]",
      "instances": [
        {
          "schema_version": 0,
          "attributes": {
            "agent_gateway_card": [
              {
                "mtls_endpoint": "projects/a1cae0d927b73ac19p-tp/regions/us-central1/serviceAttachments/unitkind1-swp-mtls-psc-sa",
                "root_certificates": [
                  "-----BEGIN CERTIFICATE-----\nMIIDxDCCAqygAwIBAgIUAOmwON4MyQV7Qee0RBhYRoYXZyQwDQYJKoZIhvcNAQEL\nBQAwXzElMCMGA1UEChMcR29vZ2xlIENsb3VkIE1hbmFnZWQgU2VydmljZTE2MDQG\nA1UEAxMtQWdlbnQgR2F0ZXdheSBUTFMgSW5zcGVjdGlvbiBDQSAodXMtY2VudHJh\nbDEpMB4XDTI2MDkwOTEzMDc1OVoXDTM2MDkwNjEzMDc1OFowXzElMCMGA1UEChMc\nR29vZ2xlIENsb3VkIE1hbmFnZWQgU2VydmljZTE2MDQGA1UEAxMtQWdlbnQgR2F0\nZXdheSBUTFMgSW5zcGVjdGlvbiBDQSAodXMtY2VudHJhbDEpMIIBIjANBgkqhkiG\n9w0BAQEFAAOCAQ8AMIIBCgKCAQEAi1r8vNCwKpIbGZYpn5x8qK8H1ws7+oQbn9dL\nv9gx6UdVHiAwClW+aFE19NLxKNNn4RweR55s82INMrSPZy/D6W3vKIZmNYPd15de\nHy54aVIv+yRzb4PAXRltSSHp81H3dYJ9lH64ISvcCxLBZv25YLO3KUpgwePfPWy3\n6EBQRatTXXheDVeNbUfEbPINWR9q+mq/GZsnrSXYm+A+SPlMGW2ucPk964YCHYPz\n7qoC4zuRf77xXeHGRbgP0X8XFqv4G7souQlwk2cH0xlrfQvSZo+4BTsqqqC84TC3\nrfvZMjRhUs4tBphofNEegxxPlebMVdPZfG1MLXn76KpnMrQfwwIDAQABo3gwdjAO\nBgNVHQ8BAf8EBAMCASYwEwYDVR0lBAwwCgYIKwYBBQUHAwEwDwYDVR0TAQH/BAUw\nAwEB/zAdBgNVHQ4EFgQUNgSv0FwXP6IsOcEQg6SDCyoLMoYwHwYDVR0jBBgwFoAU\nNgSv0FwXP6IsOcEQg6SDCyoLMoYwDQYJKoZIhvcNAQELBQADggEBAHjTHSrbXqn5\nR+1O1x/IW5mp2EY/nxKaGNRpPVhQvDndikfTyb1iiiMSWu+d72g/T4vVIgfwLdyx\nFYPO0V5PmUS6JJI05pGUmbXgUe3s37F2dB1c5JrY8gkW255loZ4Ewn2mGt2MHE48\nKkuTqy3FRu5mZoGtlZ+bX6YAEp3tnQV/J2rEJNFmGhUCYBU5oY78ujcQMiIXmJ0X\nvNCV3SqlPYAyXqFafNZX7ghYL8ji3TXKloZw6yw8SkScpmy5a9+FhtleNcSTywIT\nVHV0Tuq3iUw71w/0/QQGqeNBbMXauLrilo2rUaE7mWK4Qs9b022YEcxPBNWpmrh1\niTCvEidCFN0=\n-----END CERTIFICATE-----\n"
                ],
                "service_extensions_service_account": "service-819111046046@gcp-sa-dep.iam.gserviceaccount.com"
              }
            ],
            "create_time": "2026-09-12T04:34:08.610635574Z",
            "description": "Agent-to-Anywhere gateway isolated to the 20260912 BYOC long-running query repro.",
            "effective_labels": {
              "goog-terraform-provisioned": "true",
              "managed_by": "terraform",
              "validation": "byoc20260912-agent-gateway-with-byoc-long-running-query"
            },
            "etag": "22uoeNBi3g6ZjM2YXGYsB4QY4RaoSR7sr3hb8i9wc8Y",
            "google_managed": [
              {
                "governed_access_path": "AGENT_TO_ANYWHERE"
              }
            ],
            "id": "projects/dev-74th-20260912/locations/us-central1/agentGateways/byoc20260912-egress",
            "labels": {
              "managed_by": "terraform",
              "validation": "byoc20260912-agent-gateway-with-byoc-long-running-query"
            },
            "location": "us-central1",
            "name": "byoc20260912-egress",
            "network_config": [
              {
                "egress": [
                  {
                    "network_attachment": "https://www.googleapis.com/compute/v1/projects/dev-74th-20260912/regions/us-central1/networkAttachments/byoc20260912-agent-gateway-attachment"
                  }
                ]
              }
            ],
            "project": "dev-74th-20260912",
            "protocols": [
              "MCP"
            ],
            "registries": [
              "//agentregistry.googleapis.com/projects/dev-74th-20260912/locations/us-central1"
            ],
            "self_managed": [],
            "terraform_labels": {
              "goog-terraform-provisioned": "true",
              "managed_by": "terraform",
              "validation": "byoc20260912-agent-gateway-with-byoc-long-running-query"
            },
            "timeouts": {
              "create": "30m",
              "delete": "30m",
              "update": "30m"
            },
            "update_time": "2026-09-12T04:36:11.961892815Z"
          },
          "sensitive_attributes": [],
          "identity_schema_version": 1,
          "identity": {
            "location": "us-central1",
            "name": "byoc20260912-egress",
            "project": "dev-74th-20260912"
          },
          "private": "eyJlMmJmYjczMC1lY2FhLTExZTYtOGY4OC0zNDM2M2JjN2M0YzAiOnsiY3JlYXRlIjoxODAwMDAwMDAwMDAwLCJkZWxldGUiOjE4MDAwMDAwMDAwMDAsInVwZGF0ZSI6MTgwMDAwMDAwMDAwMH19",
          "dependencies": [
            "google_compute_network.agent_gateway",
            "google_compute_network_attachment.agent_gateway",
            "google_compute_subnetwork.agent_gateway",
            "google_project_service.required"
          ]
        }
      ]
    },
    {
      "mode": "managed",
      "type": "google_network_services_authz_extension",
      "name": "iap",
      "provider": "provider[\"registry.terraform.io/hashicorp/google-nightly\"]",
      "instances": [
        {
          "schema_version": 0,
          "attributes": {
            "authority": "",
            "create_time": "2026-09-12T04:37:47.448849824Z",
            "description": "",
            "effective_labels": {
              "goog-terraform-provisioned": "true"
            },
            "fail_open": false,
            "forward_headers": [],
            "id": "projects/dev-74th-20260912/locations/us-central1/authzExtensions/byoc20260912-egress-iap-authz",
            "labels": {},
            "load_balancing_scheme": "",
            "location": "us-central1",
            "metadata": {
              "iamEnforcementMode": "ENFORCE",
              "iapPolicyVersion": "V1"
            },
            "name": "byoc20260912-egress-iap-authz",
            "project": "dev-74th-20260912",
            "service": "iap.googleapis.com",
            "terraform_labels": {
              "goog-terraform-provisioned": "true"
            },
            "timeout": "1s",
            "timeouts": null,
            "update_time": "2026-09-12T04:37:48.224799641Z",
            "wire_format": ""
          },
          "sensitive_attributes": [],
          "identity_schema_version": 1,
          "identity": {
            "location": "us-central1",
            "name": "byoc20260912-egress-iap-authz",
            "project": "dev-74th-20260912"
          },
          "private": "eyJlMmJmYjczMC1lY2FhLTExZTYtOGY4OC0zNDM2M2JjN2M0YzAiOnsiY3JlYXRlIjoxODAwMDAwMDAwMDAwLCJkZWxldGUiOjE4MDAwMDAwMDAwMDAsInVwZGF0ZSI6MTgwMDAwMDAwMDAwMH19",
          "dependencies": [
            "google_project_service.required"
          ]
        }
      ]
    },
    {
      "mode": "managed",
      "type": "google_project_service",
      "name": "required",
      "provider": "provider[\"registry.terraform.io/hashicorp/google\"]",
      "instances": [
        {
          "index_key": "agentregistry.googleapis.com",
          "schema_version": 0,
          "attributes": {
            "deletion_policy": "DELETE",
            "disable_dependent_services": null,
            "disable_on_destroy": false,
            "id": "dev-74th-20260912/agentregistry.googleapis.com",
            "project": "dev-74th-20260912",
            "service": "agentregistry.googleapis.com",
            "timeouts": null
          },
          "sensitive_attributes": [],
          "identity_schema_version": 1,
          "identity": {
            "project": "dev-74th-20260912",
            "service": "agentregistry.googleapis.com"
          },
          "private": "eyJlMmJmYjczMC1lY2FhLTExZTYtOGY4OC0zNDM2M2JjN2M0YzAiOnsiY3JlYXRlIjoxMjAwMDAwMDAwMDAwLCJkZWxldGUiOjEyMDAwMDAwMDAwMDAsInJlYWQiOjYwMDAwMDAwMDAwMCwidXBkYXRlIjoxMjAwMDAwMDAwMDAwfX0="
        },
        {
          "index_key": "aiplatform.googleapis.com",
          "schema_version": 0,
          "attributes": {
            "deletion_policy": "DELETE",
            "disable_dependent_services": null,
            "disable_on_destroy": false,
            "id": "dev-74th-20260912/aiplatform.googleapis.com",
            "project": "dev-74th-20260912",
            "service": "aiplatform.googleapis.com",
            "timeouts": null
          },
          "sensitive_attributes": [],
          "identity_schema_version": 1,
          "identity": {
            "project": "dev-74th-20260912",
            "service": "aiplatform.googleapis.com"
          },
          "private": "eyJlMmJmYjczMC1lY2FhLTExZTYtOGY4OC0zNDM2M2JjN2M0YzAiOnsiY3JlYXRlIjoxMjAwMDAwMDAwMDAwLCJkZWxldGUiOjEyMDAwMDAwMDAwMDAsInJlYWQiOjYwMDAwMDAwMDAwMCwidXBkYXRlIjoxMjAwMDAwMDAwMDAwfX0="
        },
        {
          "index_key": "artifactregistry.googleapis.com",
          "schema_version": 0,
          "attributes": {
            "deletion_policy": "DELETE",
            "disable_dependent_services": null,
            "disable_on_destroy": false,
            "id": "dev-74th-20260912/artifactregistry.googleapis.com",
            "project": "dev-74th-20260912",
            "service": "artifactregistry.googleapis.com",
            "timeouts": null
          },
          "sensitive_attributes": [],
          "identity_schema_version": 1,
          "identity": {
            "project": "dev-74th-20260912",
            "service": "artifactregistry.googleapis.com"
          },
          "private": "eyJlMmJmYjczMC1lY2FhLTExZTYtOGY4OC0zNDM2M2JjN2M0YzAiOnsiY3JlYXRlIjoxMjAwMDAwMDAwMDAwLCJkZWxldGUiOjEyMDAwMDAwMDAwMDAsInJlYWQiOjYwMDAwMDAwMDAwMCwidXBkYXRlIjoxMjAwMDAwMDAwMDAwfX0="
        },
        {
          "index_key": "compute.googleapis.com",
          "schema_version": 0,
          "attributes": {
            "deletion_policy": "DELETE",
            "disable_dependent_services": null,
            "disable_on_destroy": false,
            "id": "dev-74th-20260912/compute.googleapis.com",
            "project": "dev-74th-20260912",
            "service": "compute.googleapis.com",
            "timeouts": null
          },
          "sensitive_attributes": [],
          "identity_schema_version": 1,
          "identity": {
            "project": "dev-74th-20260912",
            "service": "compute.googleapis.com"
          },
          "private": "eyJlMmJmYjczMC1lY2FhLTExZTYtOGY4OC0zNDM2M2JjN2M0YzAiOnsiY3JlYXRlIjoxMjAwMDAwMDAwMDAwLCJkZWxldGUiOjEyMDAwMDAwMDAwMDAsInJlYWQiOjYwMDAwMDAwMDAwMCwidXBkYXRlIjoxMjAwMDAwMDAwMDAwfX0="
        },
        {
          "index_key": "iam.googleapis.com",
          "schema_version": 0,
          "attributes": {
            "deletion_policy": "DELETE",
            "disable_dependent_services": null,
            "disable_on_destroy": false,
            "id": "dev-74th-20260912/iam.googleapis.com",
            "project": "dev-74th-20260912",
            "service": "iam.googleapis.com",
            "timeouts": null
          },
          "sensitive_attributes": [],
          "identity_schema_version": 1,
          "identity": {
            "project": "dev-74th-20260912",
            "service": "iam.googleapis.com"
          },
          "private": "eyJlMmJmYjczMC1lY2FhLTExZTYtOGY4OC0zNDM2M2JjN2M0YzAiOnsiY3JlYXRlIjoxMjAwMDAwMDAwMDAwLCJkZWxldGUiOjEyMDAwMDAwMDAwMDAsInJlYWQiOjYwMDAwMDAwMDAwMCwidXBkYXRlIjoxMjAwMDAwMDAwMDAwfX0="
        },
        {
          "index_key": "iap.googleapis.com",
          "schema_version": 0,
          "attributes": {
            "deletion_policy": "DELETE",
            "disable_dependent_services": null,
            "disable_on_destroy": false,
            "id": "dev-74th-20260912/iap.googleapis.com",
            "project": "dev-74th-20260912",
            "service": "iap.googleapis.com",
            "timeouts": null
          },
          "sensitive_attributes": [],
          "identity_schema_version": 1,
          "identity": {
            "project": "dev-74th-20260912",
            "service": "iap.googleapis.com"
          },
          "private": "eyJlMmJmYjczMC1lY2FhLTExZTYtOGY4OC0zNDM2M2JjN2M0YzAiOnsiY3JlYXRlIjoxMjAwMDAwMDAwMDAwLCJkZWxldGUiOjEyMDAwMDAwMDAwMDAsInJlYWQiOjYwMDAwMDAwMDAwMCwidXBkYXRlIjoxMjAwMDAwMDAwMDAwfX0="
        },
        {
          "index_key": "logging.googleapis.com",
          "schema_version": 0,
          "attributes": {
            "deletion_policy": "DELETE",
            "disable_dependent_services": null,
            "disable_on_destroy": false,
            "id": "dev-74th-20260912/logging.googleapis.com",
            "project": "dev-74th-20260912",
            "service": "logging.googleapis.com",
            "timeouts": null
          },
          "sensitive_attributes": [],
          "identity_schema_version": 1,
          "identity": {
            "project": "dev-74th-20260912",
            "service": "logging.googleapis.com"
          },
          "private": "eyJlMmJmYjczMC1lY2FhLTExZTYtOGY4OC0zNDM2M2JjN2M0YzAiOnsiY3JlYXRlIjoxMjAwMDAwMDAwMDAwLCJkZWxldGUiOjEyMDAwMDAwMDAwMDAsInJlYWQiOjYwMDAwMDAwMDAwMCwidXBkYXRlIjoxMjAwMDAwMDAwMDAwfX0="
        },
        {
          "index_key": "networksecurity.googleapis.com",
          "schema_version": 0,
          "attributes": {
            "deletion_policy": "DELETE",
            "disable_dependent_services": null,
            "disable_on_destroy": false,
            "id": "dev-74th-20260912/networksecurity.googleapis.com",
            "project": "dev-74th-20260912",
            "service": "networksecurity.googleapis.com",
            "timeouts": null
          },
          "sensitive_attributes": [],
          "identity_schema_version": 1,
          "identity": {
            "project": "dev-74th-20260912",
            "service": "networksecurity.googleapis.com"
          },
          "private": "eyJlMmJmYjczMC1lY2FhLTExZTYtOGY4OC0zNDM2M2JjN2M0YzAiOnsiY3JlYXRlIjoxMjAwMDAwMDAwMDAwLCJkZWxldGUiOjEyMDAwMDAwMDAwMDAsInJlYWQiOjYwMDAwMDAwMDAwMCwidXBkYXRlIjoxMjAwMDAwMDAwMDAwfX0="
        },
        {
          "index_key": "networkservices.googleapis.com",
          "schema_version": 0,
          "attributes": {
            "deletion_policy": "DELETE",
            "disable_dependent_services": null,
            "disable_on_destroy": false,
            "id": "dev-74th-20260912/networkservices.googleapis.com",
            "project": "dev-74th-20260912",
            "service": "networkservices.googleapis.com",
            "timeouts": null
          },
          "sensitive_attributes": [],
          "identity_schema_version": 1,
          "identity": {
            "project": "dev-74th-20260912",
            "service": "networkservices.googleapis.com"
          },
          "private": "eyJlMmJmYjczMC1lY2FhLTExZTYtOGY4OC0zNDM2M2JjN2M0YzAiOnsiY3JlYXRlIjoxMjAwMDAwMDAwMDAwLCJkZWxldGUiOjEyMDAwMDAwMDAwMDAsInJlYWQiOjYwMDAwMDAwMDAwMCwidXBkYXRlIjoxMjAwMDAwMDAwMDAwfX0="
        },
        {
          "index_key": "serviceusage.googleapis.com",
          "schema_version": 0,
          "attributes": {
            "deletion_policy": "DELETE",
            "disable_dependent_services": null,
            "disable_on_destroy": false,
            "id": "dev-74th-20260912/serviceusage.googleapis.com",
            "project": "dev-74th-20260912",
            "service": "serviceusage.googleapis.com",
            "timeouts": null
          },
          "sensitive_attributes": [],
          "identity_schema_version": 1,
          "identity": {
            "project": "dev-74th-20260912",
            "service": "serviceusage.googleapis.com"
          },
          "private": "eyJlMmJmYjczMC1lY2FhLTExZTYtOGY4OC0zNDM2M2JjN2M0YzAiOnsiY3JlYXRlIjoxMjAwMDAwMDAwMDAwLCJkZWxldGUiOjEyMDAwMDAwMDAwMDAsInJlYWQiOjYwMDAwMDAwMDAwMCwidXBkYXRlIjoxMjAwMDAwMDAwMDAwfX0="
        },
        {
          "index_key": "storage.googleapis.com",
          "schema_version": 0,
          "attributes": {
            "deletion_policy": "DELETE",
            "disable_dependent_services": null,
            "disable_on_destroy": false,
            "id": "dev-74th-20260912/storage.googleapis.com",
            "project": "dev-74th-20260912",
            "service": "storage.googleapis.com",
            "timeouts": null
          },
          "sensitive_attributes": [],
          "identity_schema_version": 1,
          "identity": {
            "project": "dev-74th-20260912",
            "service": "storage.googleapis.com"
          },
          "private": "eyJlMmJmYjczMC1lY2FhLTExZTYtOGY4OC0zNDM2M2JjN2M0YzAiOnsiY3JlYXRlIjoxMjAwMDAwMDAwMDAwLCJkZWxldGUiOjEyMDAwMDAwMDAwMDAsInJlYWQiOjYwMDAwMDAwMDAwMCwidXBkYXRlIjoxMjAwMDAwMDAwMDAwfX0="
        }
      ]
    },
    {
      "mode": "managed",
      "type": "google_storage_bucket",
      "name": "query_jobs",
      "provider": "provider[\"registry.terraform.io/hashicorp/google\"]",
      "instances": [
        {
          "schema_version": 4,
          "attributes": {
            "autoclass": [],
            "cors": [],
            "custom_placement_config": [],
            "default_event_based_hold": false,
            "deletion_policy": "DELETE",
            "effective_labels": {
              "goog-terraform-provisioned": "true",
              "managed_by": "terraform",
              "project": "20260912-agent-gateway-with-byoc-long-running-query",
              "validation": "byoc20260912-agent-gateway-with-byoc-long-running-query"
            },
            "enable_object_retention": false,
            "encryption": [],
            "force_destroy": true,
            "hierarchical_namespace": [
              {
                "enabled": false
              }
            ],
            "id": "dev-74th-20260912-byoc-queryjobs",
            "ip_filter": [],
            "labels": {
              "managed_by": "terraform",
              "project": "20260912-agent-gateway-with-byoc-long-running-query",
              "validation": "byoc20260912-agent-gateway-with-byoc-long-running-query"
            },
            "lifecycle_rule": [],
            "location": "US-CENTRAL1",
            "logging": [],
            "name": "dev-74th-20260912-byoc-queryjobs",
            "project": "dev-74th-20260912",
            "project_number": 854555400134,
            "public_access_prevention": "inherited",
            "requester_pays": false,
            "retention_policy": [],
            "rpo": null,
            "self_link": "https://www.googleapis.com/storage/v1/b/dev-74th-20260912-byoc-queryjobs",
            "soft_delete_policy": [
              {
                "effective_time": "2026-09-12T04:33:29.875Z",
                "retention_duration_seconds": 604800
              }
            ],
            "storage_class": "STANDARD",
            "terraform_labels": {
              "goog-terraform-provisioned": "true",
              "managed_by": "terraform",
              "project": "20260912-agent-gateway-with-byoc-long-running-query",
              "validation": "byoc20260912-agent-gateway-with-byoc-long-running-query"
            },
            "time_created": "2026-09-12T04:33:29.875Z",
            "timeouts": null,
            "uniform_bucket_level_access": true,
            "updated": "2026-09-12T04:58:16.934Z",
            "url": "gs://dev-74th-20260912-byoc-queryjobs",
            "versioning": [],
            "website": []
          },
          "sensitive_attributes": [],
          "identity_schema_version": 1,
          "identity": {
            "name": "dev-74th-20260912-byoc-queryjobs",
            "project": "dev-74th-20260912"
          },
          "private": "eyJlMmJmYjczMC1lY2FhLTExZTYtOGY4OC0zNDM2M2JjN2M0YzAiOnsiY3JlYXRlIjo2MDAwMDAwMDAwMDAsInJlYWQiOjI0MDAwMDAwMDAwMCwidXBkYXRlIjoyNDAwMDAwMDAwMDB9LCJzY2hlbWFfdmVyc2lvbiI6IjQifQ==",
          "dependencies": [
            "google_project_service.required"
          ]
        }
      ]
    },
    {
      "mode": "managed",
      "type": "google_storage_bucket_iam_member",
      "name": "query_job_gateway_runtime",
      "provider": "provider[\"registry.terraform.io/hashicorp/google\"]",
      "instances": [
        {
          "schema_version": 0,
          "attributes": {
            "bucket": "b/dev-74th-20260912-byoc-queryjobs",
            "condition": [],
            "etag": "CAQ=",
            "id": "b/dev-74th-20260912-byoc-queryjobs/roles/storage.objectAdmin/principal://agents.global.proj-854555400134.system.id.goog/resources/aiplatform/projects/854555400134/locations/us-central1/reasoningEngines/246973951098486784",
            "member": "principal://agents.global.proj-854555400134.system.id.goog/resources/aiplatform/projects/854555400134/locations/us-central1/reasoningEngines/246973951098486784",
            "role": "roles/storage.objectAdmin",
            "timeouts": null
          },
          "sensitive_attributes": [],
          "identity_schema_version": 0,
          "private": "eyJlMmJmYjczMC1lY2FhLTExZTYtOGY4OC0zNDM2M2JjN2M0YzAiOnsiY3JlYXRlIjoxMjAwMDAwMDAwMDAwfX0=",
          "dependencies": [
            "data.google_project.current",
            "google_compute_network.agent_gateway",
            "google_compute_network_attachment.agent_gateway",
            "google_compute_subnetwork.agent_gateway",
            "google_network_services_agent_gateway.repro",
            "google_project_service.required",
            "google_storage_bucket.query_jobs",
            "google_vertex_ai_reasoning_engine.gateway"
          ]
        }
      ]
    },
    {
      "mode": "managed",
      "type": "google_storage_bucket_iam_member",
      "name": "query_job_no_gateway_runtime",
      "provider": "provider[\"registry.terraform.io/hashicorp/google\"]",
      "instances": [
        {
          "schema_version": 0,
          "attributes": {
            "bucket": "b/dev-74th-20260912-byoc-queryjobs",
            "condition": [],
            "etag": "CAQ=",
            "id": "b/dev-74th-20260912-byoc-queryjobs/roles/storage.objectAdmin/principal://agents.global.proj-854555400134.system.id.goog/resources/aiplatform/projects/854555400134/locations/us-central1/reasoningEngines/8002172509430480896",
            "member": "principal://agents.global.proj-854555400134.system.id.goog/resources/aiplatform/projects/854555400134/locations/us-central1/reasoningEngines/8002172509430480896",
            "role": "roles/storage.objectAdmin",
            "timeouts": null
          },
          "sensitive_attributes": [],
          "identity_schema_version": 0,
          "private": "eyJlMmJmYjczMC1lY2FhLTExZTYtOGY4OC0zNDM2M2JjN2M0YzAiOnsiY3JlYXRlIjoxMjAwMDAwMDAwMDAwfX0=",
          "dependencies": [
            "data.google_project.current",
            "google_project_service.required",
            "google_storage_bucket.query_jobs",
            "google_vertex_ai_reasoning_engine.no_gateway"
          ]
        }
      ]
    },
    {
      "mode": "managed",
      "type": "google_storage_bucket_iam_member",
      "name": "query_job_reasoning_engine_agent",
      "provider": "provider[\"registry.terraform.io/hashicorp/google\"]",
      "instances": [
        {
          "schema_version": 0,
          "attributes": {
            "bucket": "b/dev-74th-20260912-byoc-queryjobs",
            "condition": [],
            "etag": "CAI=",
            "id": "b/dev-74th-20260912-byoc-queryjobs/roles/storage.objectAdmin/serviceAccount:service-854555400134@gcp-sa-aiplatform-re.iam.gserviceaccount.com",
            "member": "serviceAccount:service-854555400134@gcp-sa-aiplatform-re.iam.gserviceaccount.com",
            "role": "roles/storage.objectAdmin",
            "timeouts": null
          },
          "sensitive_attributes": [],
          "identity_schema_version": 0,
          "private": "eyJlMmJmYjczMC1lY2FhLTExZTYtOGY4OC0zNDM2M2JjN2M0YzAiOnsiY3JlYXRlIjoxMjAwMDAwMDAwMDAwfSwic2NoZW1hX3ZlcnNpb24iOiIwIn0=",
          "dependencies": [
            "data.google_project.current",
            "google_project_service.required",
            "google_storage_bucket.query_jobs"
          ]
        }
      ]
    },
    {
      "mode": "managed",
      "type": "google_vertex_ai_reasoning_engine",
      "name": "gateway",
      "provider": "provider[\"registry.terraform.io/hashicorp/google-nightly\"]",
      "instances": [
        {
          "schema_version": 0,
          "attributes": {
            "context_spec": [
              {
                "memory_bank_config": [
                  {
                    "disable_memory_revisions": false,
                    "generation_config": [],
                    "similarity_search_config": [],
                    "ttl_config": []
                  }
                ]
              }
            ],
            "create_time": "2026-09-12T04:52:40.468597Z",
            "deletion_policy": null,
            "description": "",
            "display_name": "byoc20260912-gateway",
            "effective_labels": {
              "goog-terraform-provisioned": "true"
            },
            "encryption_spec": [],
            "id": "projects/854555400134/locations/us-central1/reasoningEngines/246973951098486784",
            "labels": {},
            "name": "246973951098486784",
            "project": "854555400134",
            "region": "us-central1",
            "spec": [
              {
                "agent_framework": "custom",
                "class_methods": "[{\"api_mode\":\"\",\"name\":\"query\",\"parameters\":{\"properties\":{\"message\":{\"type\":\"string\"}},\"required\":[\"message\"],\"type\":\"object\"}},{\"api_mode\":\"stream\",\"name\":\"stream_query\",\"parameters\":{\"properties\":{\"message\":{\"type\":\"string\"}},\"required\":[\"message\"],\"type\":\"object\"}}]",
                "container_spec": [
                  {
                    "image_uri": "us-central1-docker.pkg.dev/dev-74th-20260912/byoc20260912-images/byoc-gateway-longrunning@sha256:06563bc41a8607abcab364b701ce9464756c0be604cf6457886d7ddde2d450dd"
                  }
                ],
                "deployment_spec": [
                  {
                    "agent_gateway_config": [
                      {
                        "agent_to_anywhere_config": [
                          {
                            "agent_gateway": "projects/dev-74th-20260912/locations/us-central1/agentGateways/byoc20260912-egress"
                          }
                        ],
                        "client_to_agent_config": []
                      }
                    ],
                    "container_concurrency": 0,
                    "env": [
                      {
                        "name": "GOOGLE_CLOUD_AGENT_ENGINE_ENABLE_TELEMETRY",
                        "value": "true"
                      }
                    ],
                    "max_instances": 0,
                    "min_instances": 0,
                    "psc_interface_config": [],
                    "resource_limits": {},
                    "secret_env": []
                  }
                ],
                "effective_identity": "agents.global.proj-854555400134.system.id.goog/resources/aiplatform/projects/854555400134/locations/us-central1/reasoningEngines/246973951098486784",
                "identity_type": "AGENT_IDENTITY",
                "package_spec": [],
                "service_account": "",
                "source_code_spec": []
              }
            ],
            "terraform_labels": {
              "goog-terraform-provisioned": "true"
            },
            "timeouts": null,
            "update_time": "2026-09-12T04:57:57.174615Z"
          },
          "sensitive_attributes": [],
          "identity_schema_version": 1,
          "identity": {
            "name": "246973951098486784",
            "project": "854555400134",
            "region": "us-central1"
          },
          "private": "eyJlMmJmYjczMC1lY2FhLTExZTYtOGY4OC0zNDM2M2JjN2M0YzAiOnsiY3JlYXRlIjoxMjAwMDAwMDAwMDAwLCJkZWxldGUiOjM2MDAwMDAwMDAwMDAsInVwZGF0ZSI6MTIwMDAwMDAwMDAwMH19",
          "dependencies": [
            "data.google_project.current",
            "google_compute_network.agent_gateway",
            "google_compute_network_attachment.agent_gateway",
            "google_compute_subnetwork.agent_gateway",
            "google_network_services_agent_gateway.repro",
            "google_project_service.required"
          ]
        }
      ]
    },
    {
      "mode": "managed",
      "type": "google_vertex_ai_reasoning_engine",
      "name": "no_gateway",
      "provider": "provider[\"registry.terraform.io/hashicorp/google-nightly\"]",
      "instances": [
        {
          "schema_version": 0,
          "attributes": {
            "context_spec": [
              {
                "memory_bank_config": [
                  {
                    "disable_memory_revisions": false,
                    "generation_config": [],
                    "similarity_search_config": [],
                    "ttl_config": []
                  }
                ]
              }
            ],
            "create_time": "2026-09-12T04:52:39.979075Z",
            "deletion_policy": null,
            "description": "",
            "display_name": "byoc20260912-no-gateway",
            "effective_labels": {
              "goog-terraform-provisioned": "true"
            },
            "encryption_spec": [],
            "id": "projects/854555400134/locations/us-central1/reasoningEngines/8002172509430480896",
            "labels": {},
            "name": "8002172509430480896",
            "project": "854555400134",
            "region": "us-central1",
            "spec": [
              {
                "agent_framework": "custom",
                "class_methods": "[{\"api_mode\":\"\",\"name\":\"query\",\"parameters\":{\"properties\":{\"message\":{\"type\":\"string\"}},\"required\":[\"message\"],\"type\":\"object\"}},{\"api_mode\":\"stream\",\"name\":\"stream_query\",\"parameters\":{\"properties\":{\"message\":{\"type\":\"string\"}},\"required\":[\"message\"],\"type\":\"object\"}}]",
                "container_spec": [
                  {
                    "image_uri": "us-central1-docker.pkg.dev/dev-74th-20260912/byoc20260912-images/byoc-gateway-longrunning@sha256:06563bc41a8607abcab364b701ce9464756c0be604cf6457886d7ddde2d450dd"
                  }
                ],
                "deployment_spec": [
                  {
                    "agent_gateway_config": [],
                    "container_concurrency": 0,
                    "env": [
                      {
                        "name": "GOOGLE_CLOUD_AGENT_ENGINE_ENABLE_TELEMETRY",
                        "value": "true"
                      }
                    ],
                    "max_instances": 0,
                    "min_instances": 0,
                    "psc_interface_config": [],
                    "resource_limits": {},
                    "secret_env": []
                  }
                ],
                "effective_identity": "agents.global.proj-854555400134.system.id.goog/resources/aiplatform/projects/854555400134/locations/us-central1/reasoningEngines/8002172509430480896",
                "identity_type": "AGENT_IDENTITY",
                "package_spec": [],
                "service_account": "",
                "source_code_spec": []
              }
            ],
            "terraform_labels": {
              "goog-terraform-provisioned": "true"
            },
            "timeouts": null,
            "update_time": "2026-09-12T04:53:00.034702Z"
          },
          "sensitive_attributes": [],
          "identity_schema_version": 1,
          "identity": {
            "name": "8002172509430480896",
            "project": "854555400134",
            "region": "us-central1"
          },
          "private": "eyJlMmJmYjczMC1lY2FhLTExZTYtOGY4OC0zNDM2M2JjN2M0YzAiOnsiY3JlYXRlIjoxMjAwMDAwMDAwMDAwLCJkZWxldGUiOjM2MDAwMDAwMDAwMDAsInVwZGF0ZSI6MTIwMDAwMDAwMDAwMH19",
          "dependencies": [
            "data.google_project.current",
            "google_project_service.required"
          ]
        }
      ]
    }
  ],
  "check_results": [
    {
      "object_kind": "var",
      "config_addr": "var.runtime_image_uri",
      "status": "pass",
      "objects": [
        {
          "object_addr": "var.runtime_image_uri",
          "status": "pass"
        }
      ]
    },
    {
      "object_kind": "var",
      "config_addr": "var.subnetwork_cidr",
      "status": "pass",
      "objects": [
        {
          "object_addr": "var.subnetwork_cidr",
          "status": "pass"
        }
      ]
    }
  ]
}
